
Microsoft Visual Studio Solution File, Format Version 12.00
# Visual Studio Version 17
VisualStudioVersion = 17.6.33829.357
MinimumVisualStudioVersion = 10.0.40219.1
Project("{9A19103F-16F7-4668-BE54-9A1E7A4F7556}") = "PersistentPurchases", "PersistentPurchases.csproj", "{AFF40123-4AC7-42CF-949B-CED6233B995B}"
EndProject
Global
	GlobalSection(SolutionConfigurationPlatforms) = preSolution
		Debug|Any CPU = Debug|Any CPU
		Release|Any CPU = Release|Any CPU
	EndGlobalSection
	GlobalSection(ProjectConfigurationPlatforms) = postSolution
		{AFF40123-4AC7-42CF-949B-CED6233B995B}.Debug|Any CPU.ActiveCfg = Debug|Any CPU
		{AFF40123-4AC7-42CF-949B-CED6233B995B}.Debug|Any CPU.Build.0 = Debug|Any CPU
		{AFF40123-4AC7-42CF-949B-CED6233B995B}.Release|Any CPU.ActiveCfg = Release|Any CPU
		{AFF40123-4AC7-42CF-949B-CED6233B995B}.Release|Any CPU.Build.0 = Release|Any CPU
	EndGlobalSection
	GlobalSection(SolutionProperties) = preSolution
		HideSolutionNode = FALSE
	EndGlobalSection
	GlobalSection(ExtensibilityGlobals) = postSolution
		SolutionGuid = {C151A965-4277-4E9D-B247-48AD0E7BAB47}
	EndGlobalSection
EndGlobal
